
Microsoft Visual Studio Solution File, Format Version 12.00
# Visual Studio Version 16
VisualStudioVersion = 16.0.810.17
MinimumVisualStudioVersion = 10.0.40219.1
Project("{FAE04EC0-301F-11D3-BF4B-00C04F79EFBC}") = "HousatonicReportsDesign", "HousatonicReportsDesign\HousatonicReportsDesign.csproj", "{BFA63EDB-4A4B-450C-80B6-550BD602173F}"
EndProject
Global
	GlobalSection(SolutionConfigurationPlatforms) = preSolution
		Debug|Any CPU = Debug|Any CPU
		Release|Any CPU = Release|Any CPU
	EndGlobalSection
	GlobalSection(ProjectConfigurationPlatforms) = postSolution
		{BFA63EDB-4A4B-450C-80B6-550BD602173F}.Debug|Any CPU.ActiveCfg = Debug|Any CPU
		{BFA63EDB-4A4B-450C-80B6-550BD602173F}.Debug|Any CPU.Build.0 = Debug|Any CPU
		{BFA63EDB-4A4B-450C-80B6-550BD602173F}.Release|Any CPU.ActiveCfg = Release|Any CPU
		{BFA63EDB-4A4B-450C-80B6-550BD602173F}.Release|Any CPU.Build.0 = Release|Any CPU
	EndGlobalSection
	GlobalSection(SolutionProperties) = preSolution
		HideSolutionNode = FALSE
	EndGlobalSection
	GlobalSection(ExtensibilityGlobals) = postSolution
		SolutionGuid = {3300BD77-814C-47E8-8CA7-BFE13CA3D639}
	EndGlobalSection
EndGlobal
